
Microsoft Visual Studio Solution File, Format Version 12.00
# Visual Studio Version 17
VisualStudioVersion = 17.0.31717.71
MinimumVisualStudioVersion = 10.0.40219.1
Project("{FAE04EC0-301F-11D3-BF4B-00C04F79EFBC}") = "Emphasis.VS22", "Emphasis.VS22\Emphasis.VS22.csproj", "{97ECCC7F-8DFC-4ED2-853D-0C2BCF2AE79E}"
EndProject
Project("{D954291E-2A0B-460D-934E-DC6B0785DB48}") = "Emphasis.Shared", "Emphasis.Shared\Emphasis.Shared.shproj", "{1AB556EB-2068-415A-B444-DC9B8E098CF8}"
EndProject
Project("{FAE04EC0-301F-11D3-BF4B-00C04F79EFBC}") = "Emphasis.VS19", "Emphasis.VS19\Emphasis.VS19.csproj", "{872215E1-941B-4E4E-8678-2120E5744C30}"
EndProject
Global
	GlobalSection(SharedMSBuildProjectFiles) = preSolution
		Emphasis.Shared\Emphasis.Shared.projitems*{1ab556eb-2068-415a-b444-dc9b8e098cf8}*SharedItemsImports = 13
		Emphasis.Shared\Emphasis.Shared.projitems*{872215e1-941b-4e4e-8678-2120e5744c30}*SharedItemsImports = 4
		Emphasis.Shared\Emphasis.Shared.projitems*{97eccc7f-8dfc-4ed2-853d-0c2bcf2ae79e}*SharedItemsImports = 4
	EndGlobalSection
	GlobalSection(SolutionConfigurationPlatforms) = preSolution
		Debug|Any CPU = Debug|Any CPU
		Debug|x86 = Debug|x86
		Release|Any CPU = Release|Any CPU
		Release|x86 = Release|x86
	EndGlobalSection
	GlobalSection(ProjectConfigurationPlatforms) = postSolution
		{97ECCC7F-8DFC-4ED2-853D-0C2BCF2AE79E}.Debug|Any CPU.ActiveCfg = Debug|Any CPU
		{97ECCC7F-8DFC-4ED2-853D-0C2BCF2AE79E}.Debug|Any CPU.Build.0 = Debug|Any CPU
		{97ECCC7F-8DFC-4ED2-853D-0C2BCF2AE79E}.Debug|x86.ActiveCfg = Debug|x86
		{97ECCC7F-8DFC-4ED2-853D-0C2BCF2AE79E}.Debug|x86.Build.0 = Debug|x86
		{97ECCC7F-8DFC-4ED2-853D-0C2BCF2AE79E}.Release|Any CPU.ActiveCfg = Release|Any CPU
		{97ECCC7F-8DFC-4ED2-853D-0C2BCF2AE79E}.Release|Any CPU.Build.0 = Release|Any CPU
		{97ECCC7F-8DFC-4ED2-853D-0C2BCF2AE79E}.Release|x86.ActiveCfg = Release|x86
		{97ECCC7F-8DFC-4ED2-853D-0C2BCF2AE79E}.Release|x86.Build.0 = Release|x86
		{872215E1-941B-4E4E-8678-2120E5744C30}.Debug|Any CPU.ActiveCfg = Debug|Any CPU
		{872215E1-941B-4E4E-8678-2120E5744C30}.Debug|Any CPU.Build.0 = Debug|Any CPU
		{872215E1-941B-4E4E-8678-2120E5744C30}.Debug|x86.ActiveCfg = Debug|x86
		{872215E1-941B-4E4E-8678-2120E5744C30}.Debug|x86.Build.0 = Debug|x86
		{872215E1-941B-4E4E-8678-2120E5744C30}.Release|Any CPU.ActiveCfg = Release|Any CPU
		{872215E1-941B-4E4E-8678-2120E5744C30}.Release|Any CPU.Build.0 = Release|Any CPU
		{872215E1-941B-4E4E-8678-2120E5744C30}.Release|x86.ActiveCfg = Release|x86
		{872215E1-941B-4E4E-8678-2120E5744C30}.Release|x86.Build.0 = Release|x86
	EndGlobalSection
	GlobalSection(SolutionProperties) = preSolution
		HideSolutionNode = FALSE
	EndGlobalSection
	GlobalSection(ExtensibilityGlobals) = postSolution
		SolutionGuid = {B769BFEA-A78B-461F-8D67-A4D09ECE18B3}
	EndGlobalSection
EndGlobal
